
Microsoft Visual Studio Solution File, Format Version 12.00
# Visual Studio 15
VisualStudioVersion = 15.0.27703.2026
MinimumVisualStudioVersion = 10.0.40219.1
Project("{FAE04EC0-301F-11D3-BF4B-00C04F79EFBC}") = "MilkData.Android", "MilkData\MilkData.Android\MilkData.Android.csproj", "{504D8FEB-E693-4B0E-A0CE-E5DA6581A828}"
EndProject
Project("{FAE04EC0-301F-11D3-BF4B-00C04F79EFBC}") = "MilkData.iOS", "MilkData\MilkData.iOS\MilkData.iOS.csproj", "{A86905BC-B11C-4312-9FFB-9A508C48CDDD}"
EndProject
Project("{FAE04EC0-301F-11D3-BF4B-00C04F79EFBC}") = "MilkData", "MilkData\MilkData\MilkData.csproj", "{35661371-1883-4B1A-87FA-923548807AE4}"
EndProject
Project("{FAE04EC0-301F-11D3-BF4B-00C04F79EFBC}") = "MilkData.Models", "MilkData.Models\MilkData.Models.csproj", "{68A88699-8F38-4944-BE2A-4C19228EA47F}"
EndProject
Project("{FAE04EC0-301F-11D3-BF4B-00C04F79EFBC}") = "MilkData.Business", "MilkData.Business\MilkData.Business.csproj", "{A695D165-CB33-4AD4-88C5-0D99DE157955}"
EndProject
Project("{FAE04EC0-301F-11D3-BF4B-00C04F79EFBC}") = "MilkData.DataAccess", "MilkData.DataAccess\MilkData.DataAccess.csproj", "{C9F8DFF8-6809-43FD-BEE1-120961D397AF}"
EndProject
Global
	GlobalSection(SolutionConfigurationPlatforms) = preSolution
		Ad-Hoc|Any CPU = Ad-Hoc|Any CPU
		Ad-Hoc|iPhone = Ad-Hoc|iPhone
		Ad-Hoc|iPhoneSimulator = Ad-Hoc|iPhoneSimulator
		AppStore|Any CPU = AppStore|Any CPU
		AppStore|iPhone = AppStore|iPhone
		AppStore|iPhoneSimulator = AppStore|iPhoneSimulator
		Debug|Any CPU = Debug|Any CPU
		Debug|iPhone = Debug|iPhone
		Debug|iPhoneSimulator = Debug|iPhoneSimulator
		Release|Any CPU = Release|Any CPU
		Release|iPhone = Release|iPhone
		Release|iPhoneSimulator = Release|iPhoneSimulator
	EndGlobalSection
	GlobalSection(ProjectConfigurationPlatforms) = postSolution
		{504D8FEB-E693-4B0E-A0CE-E5DA6581A828}.Ad-Hoc|Any CPU.ActiveCfg = Release|Any CPU
		{504D8FEB-E693-4B0E-A0CE-E5DA6581A828}.Ad-Hoc|Any CPU.Build.0 = Release|Any CPU
		{504D8FEB-E693-4B0E-A0CE-E5DA6581A828}.Ad-Hoc|Any CPU.Deploy.0 = Release|Any CPU
		{504D8FEB-E693-4B0E-A0CE-E5DA6581A828}.Ad-Hoc|iPhone.ActiveCfg = Release|Any CPU
		{504D8FEB-E693-4B0E-A0CE-E5DA6581A828}.Ad-Hoc|iPhone.Build.0 = Release|Any CPU
		{504D8FEB-E693-4B0E-A0CE-E5DA6581A828}.Ad-Hoc|iPhone.Deploy.0 = Release|Any CPU
		{504D8FEB-E693-4B0E-A0CE-E5DA6581A828}.Ad-Hoc|iPhoneSimulator.ActiveCfg = Release|Any CPU
		{504D8FEB-E693-4B0E-A0CE-E5DA6581A828}.Ad-Hoc|iPhoneSimulator.Build.0 = Release|Any CPU
		{504D8FEB-E693-4B0E-A0CE-E5DA6581A828}.Ad-Hoc|iPhoneSimulator.Deploy.0 = Release|Any CPU
		{504D8FEB-E693-4B0E-A0CE-E5DA6581A828}.AppStore|Any CPU.ActiveCfg = Release|Any CPU
		{504D8FEB-E693-4B0E-A0CE-E5DA6581A828}.AppStore|Any CPU.Build.0 = Release|Any CPU
		{504D8FEB-E693-4B0E-A0CE-E5DA6581A828}.AppStore|Any CPU.Deploy.0 = Release|Any CPU
		{504D8FEB-E693-4B0E-A0CE-E5DA6581A828}.AppStore|iPhone.ActiveCfg = Release|Any CPU
		{504D8FEB-E693-4B0E-A0CE-E5DA6581A828}.AppStore|iPhone.Build.0 = Release|Any CPU
		{504D8FEB-E693-4B0E-A0CE-E5DA6581A828}.AppStore|iPhone.Deploy.0 = Release|Any CPU
		{504D8FEB-E693-4B0E-A0CE-E5DA6581A828}.AppStore|iPhoneSimulator.ActiveCfg = Release|Any CPU
		{504D8FEB-E693-4B0E-A0CE-E5DA6581A828}.AppStore|iPhoneSimulator.Build.0 = Release|Any CPU
		{504D8FEB-E693-4B0E-A0CE-E5DA6581A828}.AppStore|iPhoneSimulator.Deploy.0 = Release|Any CPU
		{504D8FEB-E693-4B0E-A0CE-E5DA6581A828}.Debug|Any CPU.ActiveCfg = Debug|Any CPU
		{504D8FEB-E693-4B0E-A0CE-E5DA6581A828}.Debug|Any CPU.Build.0 = Debug|Any CPU
		{504D8FEB-E693-4B0E-A0CE-E5DA6581A828}.Debug|Any CPU.Deploy.0 = Debug|Any CPU
		{504D8FEB-E693-4B0E-A0CE-E5DA6581A828}.Debug|iPhone.ActiveCfg = Debug|Any CPU
		{504D8FEB-E693-4B0E-A0CE-E5DA6581A828}.Debug|iPhone.Build.0 = Debug|Any CPU
		{504D8FEB-E693-4B0E-A0CE-E5DA6581A828}.Debug|iPhone.Deploy.0 = Debug|Any CPU
		{504D8FEB-E693-4B0E-A0CE-E5DA6581A828}.Debug|iPhoneSimulator.ActiveCfg = Debug|Any CPU
		{504D8FEB-E693-4B0E-A0CE-E5DA6581A828}.Debug|iPhoneSimulator.Build.0 = Debug|Any CPU
		{504D8FEB-E693-4B0E-A0CE-E5DA6581A828}.Debug|iPhoneSimulator.Deploy.0 = Debug|Any CPU
		{504D8FEB-E693-4B0E-A0CE-E5DA6581A828}.Release|Any CPU.ActiveCfg = Release|Any CPU
		{504D8FEB-E693-4B0E-A0CE-E5DA6581A828}.Release|Any CPU.Build.0 = Release|Any CPU
		{504D8FEB-E693-4B0E-A0CE-E5DA6581A828}.Release|Any CPU.Deploy.0 = Release|Any CPU
		{504D8FEB-E693-4B0E-A0CE-E5DA6581A828}.Release|iPhone.ActiveCfg = Release|Any CPU
		{504D8FEB-E693-4B0E-A0CE-E5DA6581A828}.Release|iPhone.Build.0 = Release|Any CPU
		{504D8FEB-E693-4B0E-A0CE-E5DA6581A828}.Release|iPhone.Deploy.0 = Release|Any CPU
		{504D8FEB-E693-4B0E-A0CE-E5DA6581A828}.Release|iPhoneSimulator.ActiveCfg = Release|Any CPU
		{504D8FEB-E693-4B0E-A0CE-E5DA6581A828}.Release|iPhoneSimulator.Build.0 = Release|Any CPU
		{504D8FEB-E693-4B0E-A0CE-E5DA6581A828}.Release|iPhoneSimulator.Deploy.0 = Release|Any CPU
		{A86905BC-B11C-4312-9FFB-9A508C48CDDD}.Ad-Hoc|Any CPU.ActiveCfg = Ad-Hoc|iPhone
		{A86905BC-B11C-4312-9FFB-9A508C48CDDD}.Ad-Hoc|Any CPU.Build.0 = Ad-Hoc|iPhone
		{A86905BC-B11C-4312-9FFB-9A508C48CDDD}.Ad-Hoc|Any CPU.Deploy.0 = Ad-Hoc|iPhone
		{A86905BC-B11C-4312-9FFB-9A508C48CDDD}.Ad-Hoc|iPhone.ActiveCfg = Ad-Hoc|iPhone
		{A86905BC-B11C-4312-9FFB-9A508C48CDDD}.Ad-Hoc|iPhone.Build.0 = Ad-Hoc|iPhone
		{A86905BC-B11C-4312-9FFB-9A508C48CDDD}.Ad-Hoc|iPhone.Deploy.0 = Ad-Hoc|iPhone
		{A86905BC-B11C-4312-9FFB-9A508C48CDDD}.Ad-Hoc|iPhoneSimulator.ActiveCfg = Ad-Hoc|iPhoneSimulator
		{A86905BC-B11C-4312-9FFB-9A508C48CDDD}.Ad-Hoc|iPhoneSimulator.Build.0 = Ad-Hoc|iPhoneSimulator
		{A86905BC-B11C-4312-9FFB-9A508C48CDDD}.Ad-Hoc|iPhoneSimulator.Deploy.0 = Ad-Hoc|iPhoneSimulator
		{A86905BC-B11C-4312-9FFB-9A508C48CDDD}.AppStore|Any CPU.ActiveCfg = AppStore|iPhone
		{A86905BC-B11C-4312-9FFB-9A508C48CDDD}.AppStore|Any CPU.Build.0 = AppStore|iPhone
		{A86905BC-B11C-4312-9FFB-9A508C48CDDD}.AppStore|Any CPU.Deploy.0 = AppStore|iPhone
		{A86905BC-B11C-4312-9FFB-9A508C48CDDD}.AppStore|iPhone.ActiveCfg = AppStore|iPhone
		{A86905BC-B11C-4312-9FFB-9A508C48CDDD}.AppStore|iPhone.Build.0 = AppStore|iPhone
		{A86905BC-B11C-4312-9FFB-9A508C48CDDD}.AppStore|iPhone.Deploy.0 = AppStore|iPhone
		{A86905BC-B11C-4312-9FFB-9A508C48CDDD}.AppStore|iPhoneSimulator.ActiveCfg = AppStore|iPhoneSimulator
		{A86905BC-B11C-4312-9FFB-9A508C48CDDD}.AppStore|iPhoneSimulator.Build.0 = AppStore|iPhoneSimulator
		{A86905BC-B11C-4312-9FFB-9A508C48CDDD}.AppStore|iPhoneSimulator.Deploy.0 = AppStore|iPhoneSimulator
		{A86905BC-B11C-4312-9FFB-9A508C48CDDD}.Debug|Any CPU.ActiveCfg = Debug|iPhoneSimulator
		{A86905BC-B11C-4312-9FFB-9A508C48CDDD}.Debug|Any CPU.Build.0 = Debug|iPhoneSimulator
		{A86905BC-B11C-4312-9FFB-9A508C48CDDD}.Debug|Any CPU.Deploy.0 = Debug|iPhoneSimulator
		{A86905BC-B11C-4312-9FFB-9A508C48CDDD}.Debug|iPhone.ActiveCfg = Debug|iPhone
		{A86905BC-B11C-4312-9FFB-9A508C48CDDD}.Debug|iPhone.Build.0 = Debug|iPhone
		{A86905BC-B11C-4312-9FFB-9A508C48CDDD}.Debug|iPhone.Deploy.0 = Debug|iPhone
		{A86905BC-B11C-4312-9FFB-9A508C48CDDD}.Debug|iPhoneSimulator.ActiveCfg = Debug|iPhoneSimulator
		{A86905BC-B11C-4312-9FFB-9A508C48CDDD}.Debug|iPhoneSimulator.Build.0 = Debug|iPhoneSimulator
		{A86905BC-B11C-4312-9FFB-9A508C48CDDD}.Debug|iPhoneSimulator.Deploy.0 = Debug|iPhoneSimulator
		{A86905BC-B11C-4312-9FFB-9A508C48CDDD}.Release|Any CPU.ActiveCfg = Release|iPhone
		{A86905BC-B11C-4312-9FFB-9A508C48CDDD}.Release|Any CPU.Build.0 = Release|iPhone
		{A86905BC-B11C-4312-9FFB-9A508C48CDDD}.Release|Any CPU.Deploy.0 = Release|iPhone
		{A86905BC-B11C-4312-9FFB-9A508C48CDDD}.Release|iPhone.ActiveCfg = Release|iPhone
		{A86905BC-B11C-4312-9FFB-9A508C48CDDD}.Release|iPhone.Build.0 = Release|iPhone
		{A86905BC-B11C-4312-9FFB-9A508C48CDDD}.Release|iPhone.Deploy.0 = Release|iPhone
		{A86905BC-B11C-4312-9FFB-9A508C48CDDD}.Release|iPhoneSimulator.ActiveCfg = Release|iPhoneSimulator
		{A86905BC-B11C-4312-9FFB-9A508C48CDDD}.Release|iPhoneSimulator.Build.0 = Release|iPhoneSimulator
		{A86905BC-B11C-4312-9FFB-9A508C48CDDD}.Release|iPhoneSimulator.Deploy.0 = Release|iPhoneSimulator
		{35661371-1883-4B1A-87FA-923548807AE4}.Ad-Hoc|Any CPU.ActiveCfg = Debug|Any CPU
		{35661371-1883-4B1A-87FA-923548807AE4}.Ad-Hoc|Any CPU.Build.0 = Debug|Any CPU
		{35661371-1883-4B1A-87FA-923548807AE4}.Ad-Hoc|Any CPU.Deploy.0 = Debug|Any CPU
		{35661371-1883-4B1A-87FA-923548807AE4}.Ad-Hoc|iPhone.ActiveCfg = Debug|Any CPU
		{35661371-1883-4B1A-87FA-923548807AE4}.Ad-Hoc|iPhone.Build.0 = Debug|Any CPU
		{35661371-1883-4B1A-87FA-923548807AE4}.Ad-Hoc|iPhone.Deploy.0 = Debug|Any CPU
		{35661371-1883-4B1A-87FA-923548807AE4}.Ad-Hoc|iPhoneSimulator.ActiveCfg = Debug|Any CPU
		{35661371-1883-4B1A-87FA-923548807AE4}.Ad-Hoc|iPhoneSimulator.Build.0 = Debug|Any CPU
		{35661371-1883-4B1A-87FA-923548807AE4}.Ad-Hoc|iPhoneSimulator.Deploy.0 = Debug|Any CPU
		{35661371-1883-4B1A-87FA-923548807AE4}.AppStore|Any CPU.ActiveCfg = Debug|Any CPU
		{35661371-1883-4B1A-87FA-923548807AE4}.AppStore|Any CPU.Build.0 = Debug|Any CPU
		{35661371-1883-4B1A-87FA-923548807AE4}.AppStore|Any CPU.Deploy.0 = Debug|Any CPU
		{35661371-1883-4B1A-87FA-923548807AE4}.AppStore|iPhone.ActiveCfg = Debug|Any CPU
		{35661371-1883-4B1A-87FA-923548807AE4}.AppStore|iPhone.Build.0 = Debug|Any CPU
		{35661371-1883-4B1A-87FA-923548807AE4}.AppStore|iPhone.Deploy.0 = Debug|Any CPU
		{35661371-1883-4B1A-87FA-923548807AE4}.AppStore|iPhoneSimulator.ActiveCfg = Debug|Any CPU
		{35661371-1883-4B1A-87FA-923548807AE4}.AppStore|iPhoneSimulator.Build.0 = Debug|Any CPU
		{35661371-1883-4B1A-87FA-923548807AE4}.AppStore|iPhoneSimulator.Deploy.0 = Debug|Any CPU
		{35661371-1883-4B1A-87FA-923548807AE4}.Debug|Any CPU.ActiveCfg = Debug|Any CPU
		{35661371-1883-4B1A-87FA-923548807AE4}.Debug|Any CPU.Build.0 = Debug|Any CPU
		{35661371-1883-4B1A-87FA-923548807AE4}.Debug|Any CPU.Deploy.0 = Debug|Any CPU
		{35661371-1883-4B1A-87FA-923548807AE4}.Debug|iPhone.ActiveCfg = Debug|Any CPU
		{35661371-1883-4B1A-87FA-923548807AE4}.Debug|iPhone.Build.0 = Debug|Any CPU
		{35661371-1883-4B1A-87FA-923548807AE4}.Debug|iPhone.Deploy.0 = Debug|Any CPU
		{35661371-1883-4B1A-87FA-923548807AE4}.Debug|iPhoneSimulator.ActiveCfg = Debug|Any CPU
		{35661371-1883-4B1A-87FA-923548807AE4}.Debug|iPhoneSimulator.Build.0 = Debug|Any CPU
		{35661371-1883-4B1A-87FA-923548807AE4}.Debug|iPhoneSimulator.Deploy.0 = Debug|Any CPU
		{35661371-1883-4B1A-87FA-923548807AE4}.Release|Any CPU.ActiveCfg = Release|Any CPU
		{35661371-1883-4B1A-87FA-923548807AE4}.Release|Any CPU.Build.0 = Release|Any CPU
		{35661371-1883-4B1A-87FA-923548807AE4}.Release|Any CPU.Deploy.0 = Release|Any CPU
		{35661371-1883-4B1A-87FA-923548807AE4}.Release|iPhone.ActiveCfg = Release|Any CPU
		{35661371-1883-4B1A-87FA-923548807AE4}.Release|iPhone.Build.0 = Release|Any CPU
		{35661371-1883-4B1A-87FA-923548807AE4}.Release|iPhone.Deploy.0 = Release|Any CPU
		{35661371-1883-4B1A-87FA-923548807AE4}.Release|iPhoneSimulator.ActiveCfg = Release|Any CPU
		{35661371-1883-4B1A-87FA-923548807AE4}.Release|iPhoneSimulator.Build.0 = Release|Any CPU
		{35661371-1883-4B1A-87FA-923548807AE4}.Release|iPhoneSimulator.Deploy.0 = Release|Any CPU
		{68A88699-8F38-4944-BE2A-4C19228EA47F}.Ad-Hoc|Any CPU.ActiveCfg = Debug|Any CPU
		{68A88699-8F38-4944-BE2A-4C19228EA47F}.Ad-Hoc|Any CPU.Build.0 = Debug|Any CPU
		{68A88699-8F38-4944-BE2A-4C19228EA47F}.Ad-Hoc|iPhone.ActiveCfg = Debug|Any CPU
		{68A88699-8F38-4944-BE2A-4C19228EA47F}.Ad-Hoc|iPhone.Build.0 = Debug|Any CPU
		{68A88699-8F38-4944-BE2A-4C19228EA47F}.Ad-Hoc|iPhoneSimulator.ActiveCfg = Debug|Any CPU
		{68A88699-8F38-4944-BE2A-4C19228EA47F}.Ad-Hoc|iPhoneSimulator.Build.0 = Debug|Any CPU
		{68A88699-8F38-4944-BE2A-4C19228EA47F}.AppStore|Any CPU.ActiveCfg = Debug|Any CPU
		{68A88699-8F38-4944-BE2A-4C19228EA47F}.AppStore|Any CPU.Build.0 = Debug|Any CPU
		{68A88699-8F38-4944-BE2A-4C19228EA47F}.AppStore|iPhone.ActiveCfg = Debug|Any CPU
		{68A88699-8F38-4944-BE2A-4C19228EA47F}.AppStore|iPhone.Build.0 = Debug|Any CPU
		{68A88699-8F38-4944-BE2A-4C19228EA47F}.AppStore|iPhoneSimulator.ActiveCfg = Debug|Any CPU
		{68A88699-8F38-4944-BE2A-4C19228EA47F}.AppStore|iPhoneSimulator.Build.0 = Debug|Any CPU
		{68A88699-8F38-4944-BE2A-4C19228EA47F}.Debug|Any CPU.ActiveCfg = Debug|Any CPU
		{68A88699-8F38-4944-BE2A-4C19228EA47F}.Debug|Any CPU.Build.0 = Debug|Any CPU
		{68A88699-8F38-4944-BE2A-4C19228EA47F}.Debug|iPhone.ActiveCfg = Debug|Any CPU
		{68A88699-8F38-4944-BE2A-4C19228EA47F}.Debug|iPhone.Build.0 = Debug|Any CPU
		{68A88699-8F38-4944-BE2A-4C19228EA47F}.Debug|iPhoneSimulator.ActiveCfg = Debug|Any CPU
		{68A88699-8F38-4944-BE2A-4C19228EA47F}.Debug|iPhoneSimulator.Build.0 = Debug|Any CPU
		{68A88699-8F38-4944-BE2A-4C19228EA47F}.Release|Any CPU.ActiveCfg = Release|Any CPU
		{68A88699-8F38-4944-BE2A-4C19228EA47F}.Release|Any CPU.Build.0 = Release|Any CPU
		{68A88699-8F38-4944-BE2A-4C19228EA47F}.Release|iPhone.ActiveCfg = Release|Any CPU
		{68A88699-8F38-4944-BE2A-4C19228EA47F}.Release|iPhone.Build.0 = Release|Any CPU
		{68A88699-8F38-4944-BE2A-4C19228EA47F}.Release|iPhoneSimulator.ActiveCfg = Release|Any CPU
		{68A88699-8F38-4944-BE2A-4C19228EA47F}.Release|iPhoneSimulator.Build.0 = Release|Any CPU
		{A695D165-CB33-4AD4-88C5-0D99DE157955}.Ad-Hoc|Any CPU.ActiveCfg = Debug|Any CPU
		{A695D165-CB33-4AD4-88C5-0D99DE157955}.Ad-Hoc|Any CPU.Build.0 = Debug|Any CPU
		{A695D165-CB33-4AD4-88C5-0D99DE157955}.Ad-Hoc|iPhone.ActiveCfg = Debug|Any CPU
		{A695D165-CB33-4AD4-88C5-0D99DE157955}.Ad-Hoc|iPhone.Build.0 = Debug|Any CPU
		{A695D165-CB33-4AD4-88C5-0D99DE157955}.Ad-Hoc|iPhoneSimulator.ActiveCfg = Debug|Any CPU
		{A695D165-CB33-4AD4-88C5-0D99DE157955}.Ad-Hoc|iPhoneSimulator.Build.0 = Debug|Any CPU
		{A695D165-CB33-4AD4-88C5-0D99DE157955}.AppStore|Any CPU.ActiveCfg = Debug|Any CPU
		{A695D165-CB33-4AD4-88C5-0D99DE157955}.AppStore|Any CPU.Build.0 = Debug|Any CPU
		{A695D165-CB33-4AD4-88C5-0D99DE157955}.AppStore|iPhone.ActiveCfg = Debug|Any CPU
		{A695D165-CB33-4AD4-88C5-0D99DE157955}.AppStore|iPhone.Build.0 = Debug|Any CPU
		{A695D165-CB33-4AD4-88C5-0D99DE157955}.AppStore|iPhoneSimulator.ActiveCfg = Debug|Any CPU
		{A695D165-CB33-4AD4-88C5-0D99DE157955}.AppStore|iPhoneSimulator.Build.0 = Debug|Any CPU
		{A695D165-CB33-4AD4-88C5-0D99DE157955}.Debug|Any CPU.ActiveCfg = Debug|Any CPU
		{A695D165-CB33-4AD4-88C5-0D99DE157955}.Debug|Any CPU.Build.0 = Debug|Any CPU
		{A695D165-CB33-4AD4-88C5-0D99DE157955}.Debug|iPhone.ActiveCfg = Debug|Any CPU
		{A695D165-CB33-4AD4-88C5-0D99DE157955}.Debug|iPhone.Build.0 = Debug|Any CPU
		{A695D165-CB33-4AD4-88C5-0D99DE157955}.Debug|iPhoneSimulator.ActiveCfg = Debug|Any CPU
		{A695D165-CB33-4AD4-88C5-0D99DE157955}.Debug|iPhoneSimulator.Build.0 = Debug|Any CPU
		{A695D165-CB33-4AD4-88C5-0D99DE157955}.Release|Any CPU.ActiveCfg = Release|Any CPU
		{A695D165-CB33-4AD4-88C5-0D99DE157955}.Release|Any CPU.Build.0 = Release|Any CPU
		{A695D165-CB33-4AD4-88C5-0D99DE157955}.Release|iPhone.ActiveCfg = Release|Any CPU
		{A695D165-CB33-4AD4-88C5-0D99DE157955}.Release|iPhone.Build.0 = Release|Any CPU
		{A695D165-CB33-4AD4-88C5-0D99DE157955}.Release|iPhoneSimulator.ActiveCfg = Release|Any CPU
		{A695D165-CB33-4AD4-88C5-0D99DE157955}.Release|iPhoneSimulator.Build.0 = Release|Any CPU
		{C9F8DFF8-6809-43FD-BEE1-120961D397AF}.Ad-Hoc|Any CPU.ActiveCfg = Debug|Any CPU
		{C9F8DFF8-6809-43FD-BEE1-120961D397AF}.Ad-Hoc|Any CPU.Build.0 = Debug|Any CPU
		{C9F8DFF8-6809-43FD-BEE1-120961D397AF}.Ad-Hoc|iPhone.ActiveCfg = Debug|Any CPU
		{C9F8DFF8-6809-43FD-BEE1-120961D397AF}.Ad-Hoc|iPhone.Build.0 = Debug|Any CPU
		{C9F8DFF8-6809-43FD-BEE1-120961D397AF}.Ad-Hoc|iPhoneSimulator.ActiveCfg = Debug|Any CPU
		{C9F8DFF8-6809-43FD-BEE1-120961D397AF}.Ad-Hoc|iPhoneSimulator.Build.0 = Debug|Any CPU
		{C9F8DFF8-6809-43FD-BEE1-120961D397AF}.AppStore|Any CPU.ActiveCfg = Debug|Any CPU
		{C9F8DFF8-6809-43FD-BEE1-120961D397AF}.AppStore|Any CPU.Build.0 = Debug|Any CPU
		{C9F8DFF8-6809-43FD-BEE1-120961D397AF}.AppStore|iPhone.ActiveCfg = Debug|Any CPU
		{C9F8DFF8-6809-43FD-BEE1-120961D397AF}.AppStore|iPhone.Build.0 = Debug|Any CPU
		{C9F8DFF8-6809-43FD-BEE1-120961D397AF}.AppStore|iPhoneSimulator.ActiveCfg = Debug|Any CPU
		{C9F8DFF8-6809-43FD-BEE1-120961D397AF}.AppStore|iPhoneSimulator.Build.0 = Debug|Any CPU
		{C9F8DFF8-6809-43FD-BEE1-120961D397AF}.Debug|Any CPU.ActiveCfg = Debug|Any CPU
		{C9F8DFF8-6809-43FD-BEE1-120961D397AF}.Debug|Any CPU.Build.0 = Debug|Any CPU
		{C9F8DFF8-6809-43FD-BEE1-120961D397AF}.Debug|iPhone.ActiveCfg = Debug|Any CPU
		{C9F8DFF8-6809-43FD-BEE1-120961D397AF}.Debug|iPhone.Build.0 = Debug|Any CPU
		{C9F8DFF8-6809-43FD-BEE1-120961D397AF}.Debug|iPhoneSimulator.ActiveCfg = Debug|Any CPU
		{C9F8DFF8-6809-43FD-BEE1-120961D397AF}.Debug|iPhoneSimulator.Build.0 = Debug|Any CPU
		{C9F8DFF8-6809-43FD-BEE1-120961D397AF}.Release|Any CPU.ActiveCfg = Release|Any CPU
		{C9F8DFF8-6809-43FD-BEE1-120961D397AF}.Release|Any CPU.Build.0 = Release|Any CPU
		{C9F8DFF8-6809-43FD-BEE1-120961D397AF}.Release|iPhone.ActiveCfg = Release|Any CPU
		{C9F8DFF8-6809-43FD-BEE1-120961D397AF}.Release|iPhone.Build.0 = Release|Any CPU
		{C9F8DFF8-6809-43FD-BEE1-120961D397AF}.Release|iPhoneSimulator.ActiveCfg = Release|Any CPU
		{C9F8DFF8-6809-43FD-BEE1-120961D397AF}.Release|iPhoneSimulator.Build.0 = Release|Any CPU
	EndGlobalSection
	GlobalSection(SolutionProperties) = preSolution
		HideSolutionNode = FALSE
	EndGlobalSection
	GlobalSection(ExtensibilityGlobals) = postSolution
		SolutionGuid = {E04CC374-49D6-431D-BA24-3177E88C2A61}
	EndGlobalSection
EndGlobal
